
Microsoft Visual Studio Solution File, Format Version 12.00
Project("{2150E333-8FDC-42A3-9474-1A3956D46DE8}") = "src", "src", "{827E0CD3-B72D-47B6-A68D-7590B98EB39B}"
EndProject
Project("{2150E333-8FDC-42A3-9474-1A3956D46DE8}") = "BuildingBlocks", "BuildingBlocks", "{90298CBA-BD6F-3A0A-69D5-97CAD7B05E7E}"
EndProject
Project("{FAE04EC0-301F-11D3-BF4B-00C04F79EFBC}") = "Bcommerce.BuildingBlocks.Core", "src\BuildingBlocks\Bcommerce.BuildingBlocks.Core\Bcommerce.BuildingBlocks.Core.csproj", "{2A197D2B-F2E1-445E-948C-E7E9F4A0FB89}"
EndProject
Project("{FAE04EC0-301F-11D3-BF4B-00C04F79EFBC}") = "Bcommerce.BuildingBlocks.Infrastructure", "src\BuildingBlocks\Bcommerce.BuildingBlocks.Infrastructure\Bcommerce.BuildingBlocks.Infrastructure.csproj", "{0AB368F8-E1FF-4CA1-A70E-D2064426CADA}"
EndProject
Project("{FAE04EC0-301F-11D3-BF4B-00C04F79EFBC}") = "Bcommerce.BuildingBlocks.Messaging", "src\BuildingBlocks\Bcommerce.BuildingBlocks.Messaging\Bcommerce.BuildingBlocks.Messaging.csproj", "{9D0E1BA3-BC3F-4759-A6EB-083874DC27A7}"
EndProject
Project("{FAE04EC0-301F-11D3-BF4B-00C04F79EFBC}") = "Bcommerce.BuildingBlocks.Web", "src\BuildingBlocks\Bcommerce.BuildingBlocks.Web\Bcommerce.BuildingBlocks.Web.csproj", "{DDD52E3C-E5AB-4373-8880-1BE1C6B464EB}"
EndProject
Project("{FAE04EC0-301F-11D3-BF4B-00C04F79EFBC}") = "Bcommerce.BuildingBlocks.Security", "src\BuildingBlocks\Bcommerce.BuildingBlocks.Security\Bcommerce.BuildingBlocks.Security.csproj", "{40EF86AA-6A66-4DBF-8020-8897862FC9A7}"
EndProject
Project("{FAE04EC0-301F-11D3-BF4B-00C04F79EFBC}") = "Bcommerce.BuildingBlocks.Caching", "src\BuildingBlocks\Bcommerce.BuildingBlocks.Caching\Bcommerce.BuildingBlocks.Caching.csproj", "{386D7346-CA25-475A-8E8B-954B18C5FD73}"
EndProject
Project("{FAE04EC0-301F-11D3-BF4B-00C04F79EFBC}") = "Bcommerce.BuildingBlocks.Observability", "src\BuildingBlocks\Bcommerce.BuildingBlocks.Observability\Bcommerce.BuildingBlocks.Observability.csproj", "{C99AB02C-98B8-44E9-8A1B-97ED93ACF869}"
EndProject
Global
	GlobalSection(SolutionConfigurationPlatforms) = preSolution
		Debug|Any CPU = Debug|Any CPU
		Debug|x64 = Debug|x64
		Debug|x86 = Debug|x86
		Release|Any CPU = Release|Any CPU
		Release|x64 = Release|x64
		Release|x86 = Release|x86
	EndGlobalSection
	GlobalSection(ProjectConfigurationPlatforms) = postSolution
		{2A197D2B-F2E1-445E-948C-E7E9F4A0FB89}.Debug|Any CPU.ActiveCfg = Debug|Any CPU
		{2A197D2B-F2E1-445E-948C-E7E9F4A0FB89}.Debug|Any CPU.Build.0 = Debug|Any CPU
		{2A197D2B-F2E1-445E-948C-E7E9F4A0FB89}.Debug|x64.ActiveCfg = Debug|Any CPU
		{2A197D2B-F2E1-445E-948C-E7E9F4A0FB89}.Debug|x64.Build.0 = Debug|Any CPU
		{2A197D2B-F2E1-445E-948C-E7E9F4A0FB89}.Debug|x86.ActiveCfg = Debug|Any CPU
		{2A197D2B-F2E1-445E-948C-E7E9F4A0FB89}.Debug|x86.Build.0 = Debug|Any CPU
		{2A197D2B-F2E1-445E-948C-E7E9F4A0FB89}.Release|Any CPU.ActiveCfg = Release|Any CPU
		{2A197D2B-F2E1-445E-948C-E7E9F4A0FB89}.Release|Any CPU.Build.0 = Release|Any CPU
		{2A197D2B-F2E1-445E-948C-E7E9F4A0FB89}.Release|x64.ActiveCfg = Release|Any CPU
		{2A197D2B-F2E1-445E-948C-E7E9F4A0FB89}.Release|x64.Build.0 = Release|Any CPU
		{2A197D2B-F2E1-445E-948C-E7E9F4A0FB89}.Release|x86.ActiveCfg = Release|Any CPU
		{2A197D2B-F2E1-445E-948C-E7E9F4A0FB89}.Release|x86.Build.0 = Release|Any CPU
		{0AB368F8-E1FF-4CA1-A70E-D2064426CADA}.Debug|Any CPU.ActiveCfg = Debug|Any CPU
		{0AB368F8-E1FF-4CA1-A70E-D2064426CADA}.Debug|Any CPU.Build.0 = Debug|Any CPU
		{0AB368F8-E1FF-4CA1-A70E-D2064426CADA}.Debug|x64.ActiveCfg = Debug|Any CPU
		{0AB368F8-E1FF-4CA1-A70E-D2064426CADA}.Debug|x64.Build.0 = Debug|Any CPU
		{0AB368F8-E1FF-4CA1-A70E-D2064426CADA}.Debug|x86.ActiveCfg = Debug|Any CPU
		{0AB368F8-E1FF-4CA1-A70E-D2064426CADA}.Debug|x86.Build.0 = Debug|Any CPU
		{0AB368F8-E1FF-4CA1-A70E-D2064426CADA}.Release|Any CPU.ActiveCfg = Release|Any CPU
		{0AB368F8-E1FF-4CA1-A70E-D2064426CADA}.Release|Any CPU.Build.0 = Release|Any CPU
		{0AB368F8-E1FF-4CA1-A70E-D2064426CADA}.Release|x64.ActiveCfg = Release|Any CPU
		{0AB368F8-E1FF-4CA1-A70E-D2064426CADA}.Release|x64.Build.0 = Release|Any CPU
		{0AB368F8-E1FF-4CA1-A70E-D2064426CADA}.Release|x86.ActiveCfg = Release|Any CPU
		{0AB368F8-E1FF-4CA1-A70E-D2064426CADA}.Release|x86.Build.0 = Release|Any CPU
		{9D0E1BA3-BC3F-4759-A6EB-083874DC27A7}.Debug|Any CPU.ActiveCfg = Debug|Any CPU
		{9D0E1BA3-BC3F-4759-A6EB-083874DC27A7}.Debug|Any CPU.Build.0 = Debug|Any CPU
		{9D0E1BA3-BC3F-4759-A6EB-083874DC27A7}.Debug|x64.ActiveCfg = Debug|Any CPU
		{9D0E1BA3-BC3F-4759-A6EB-083874DC27A7}.Debug|x64.Build.0 = Debug|Any CPU
		{9D0E1BA3-BC3F-4759-A6EB-083874DC27A7}.Debug|x86.ActiveCfg = Debug|Any CPU
		{9D0E1BA3-BC3F-4759-A6EB-083874DC27A7}.Debug|x86.Build.0 = Debug|Any CPU
		{9D0E1BA3-BC3F-4759-A6EB-083874DC27A7}.Release|Any CPU.ActiveCfg = Release|Any CPU
		{9D0E1BA3-BC3F-4759-A6EB-083874DC27A7}.Release|Any CPU.Build.0 = Release|Any CPU
		{9D0E1BA3-BC3F-4759-A6EB-083874DC27A7}.Release|x64.ActiveCfg = Release|Any CPU
		{9D0E1BA3-BC3F-4759-A6EB-083874DC27A7}.Release|x64.Build.0 = Release|Any CPU
		{9D0E1BA3-BC3F-4759-A6EB-083874DC27A7}.Release|x86.ActiveCfg = Release|Any CPU
		{9D0E1BA3-BC3F-4759-A6EB-083874DC27A7}.Release|x86.Build.0 = Release|Any CPU
		{DDD52E3C-E5AB-4373-8880-1BE1C6B464EB}.Debug|Any CPU.ActiveCfg = Debug|Any CPU
		{DDD52E3C-E5AB-4373-8880-1BE1C6B464EB}.Debug|Any CPU.Build.0 = Debug|Any CPU
		{DDD52E3C-E5AB-4373-8880-1BE1C6B464EB}.Debug|x64.ActiveCfg = Debug|Any CPU
		{DDD52E3C-E5AB-4373-8880-1BE1C6B464EB}.Debug|x64.Build.0 = Debug|Any CPU
		{DDD52E3C-E5AB-4373-8880-1BE1C6B464EB}.Debug|x86.ActiveCfg = Debug|Any CPU
		{DDD52E3C-E5AB-4373-8880-1BE1C6B464EB}.Debug|x86.Build.0 = Debug|Any CPU
		{DDD52E3C-E5AB-4373-8880-1BE1C6B464EB}.Release|Any CPU.ActiveCfg = Release|Any CPU
		{DDD52E3C-E5AB-4373-8880-1BE1C6B464EB}.Release|Any CPU.Build.0 = Release|Any CPU
		{DDD52E3C-E5AB-4373-8880-1BE1C6B464EB}.Release|x64.ActiveCfg = Release|Any CPU
		{DDD52E3C-E5AB-4373-8880-1BE1C6B464EB}.Release|x64.Build.0 = Release|Any CPU
		{DDD52E3C-E5AB-4373-8880-1BE1C6B464EB}.Release|x86.ActiveCfg = Release|Any CPU
		{DDD52E3C-E5AB-4373-8880-1BE1C6B464EB}.Release|x86.Build.0 = Release|Any CPU
		{40EF86AA-6A66-4DBF-8020-8897862FC9A7}.Debug|Any CPU.ActiveCfg = Debug|Any CPU
		{40EF86AA-6A66-4DBF-8020-8897862FC9A7}.Debug|Any CPU.Build.0 = Debug|Any CPU
		{40EF86AA-6A66-4DBF-8020-8897862FC9A7}.Debug|x64.ActiveCfg = Debug|Any CPU
		{40EF86AA-6A66-4DBF-8020-8897862FC9A7}.Debug|x64.Build.0 = Debug|Any CPU
		{40EF86AA-6A66-4DBF-8020-8897862FC9A7}.Debug|x86.ActiveCfg = Debug|Any CPU
		{40EF86AA-6A66-4DBF-8020-8897862FC9A7}.Debug|x86.Build.0 = Debug|Any CPU
		{40EF86AA-6A66-4DBF-8020-8897862FC9A7}.Release|Any CPU.ActiveCfg = Release|Any CPU
		{40EF86AA-6A66-4DBF-8020-8897862FC9A7}.Release|Any CPU.Build.0 = Release|Any CPU
		{40EF86AA-6A66-4DBF-8020-8897862FC9A7}.Release|x64.ActiveCfg = Release|Any CPU
		{40EF86AA-6A66-4DBF-8020-8897862FC9A7}.Release|x64.Build.0 = Release|Any CPU
		{40EF86AA-6A66-4DBF-8020-8897862FC9A7}.Release|x86.ActiveCfg = Release|Any CPU
		{40EF86AA-6A66-4DBF-8020-8897862FC9A7}.Release|x86.Build.0 = Release|Any CPU
		{386D7346-CA25-475A-8E8B-954B18C5FD73}.Debug|Any CPU.ActiveCfg = Debug|Any CPU
		{386D7346-CA25-475A-8E8B-954B18C5FD73}.Debug|Any CPU.Build.0 = Debug|Any CPU
		{386D7346-CA25-475A-8E8B-954B18C5FD73}.Debug|x64.ActiveCfg = Debug|Any CPU
		{386D7346-CA25-475A-8E8B-954B18C5FD73}.Debug|x64.Build.0 = Debug|Any CPU
		{386D7346-CA25-475A-8E8B-954B18C5FD73}.Debug|x86.ActiveCfg = Debug|Any CPU
		{386D7346-CA25-475A-8E8B-954B18C5FD73}.Debug|x86.Build.0 = Debug|Any CPU
		{386D7346-CA25-475A-8E8B-954B18C5FD73}.Release|Any CPU.ActiveCfg = Release|Any CPU
		{386D7346-CA25-475A-8E8B-954B18C5FD73}.Release|Any CPU.Build.0 = Release|Any CPU
		{386D7346-CA25-475A-8E8B-954B18C5FD73}.Release|x64.ActiveCfg = Release|Any CPU
		{386D7346-CA25-475A-8E8B-954B18C5FD73}.Release|x64.Build.0 = Release|Any CPU
		{386D7346-CA25-475A-8E8B-954B18C5FD73}.Release|x86.ActiveCfg = Release|Any CPU
		{386D7346-CA25-475A-8E8B-954B18C5FD73}.Release|x86.Build.0 = Release|Any CPU
		{C99AB02C-98B8-44E9-8A1B-97ED93ACF869}.Debug|Any CPU.ActiveCfg = Debug|Any CPU
		{C99AB02C-98B8-44E9-8A1B-97ED93ACF869}.Debug|Any CPU.Build.0 = Debug|Any CPU
		{C99AB02C-98B8-44E9-8A1B-97ED93ACF869}.Debug|x64.ActiveCfg = Debug|Any CPU
		{C99AB02C-98B8-44E9-8A1B-97ED93ACF869}.Debug|x64.Build.0 = Debug|Any CPU
		{C99AB02C-98B8-44E9-8A1B-97ED93ACF869}.Debug|x86.ActiveCfg = Debug|Any CPU
		{C99AB02C-98B8-44E9-8A1B-97ED93ACF869}.Debug|x86.Build.0 = Debug|Any CPU
		{C99AB02C-98B8-44E9-8A1B-97ED93ACF869}.Release|Any CPU.ActiveCfg = Release|Any CPU
		{C99AB02C-98B8-44E9-8A1B-97ED93ACF869}.Release|Any CPU.Build.0 = Release|Any CPU
		{C99AB02C-98B8-44E9-8A1B-97ED93ACF869}.Release|x64.ActiveCfg = Release|Any CPU
		{C99AB02C-98B8-44E9-8A1B-97ED93ACF869}.Release|x64.Build.0 = Release|Any CPU
		{C99AB02C-98B8-44E9-8A1B-97ED93ACF869}.Release|x86.ActiveCfg = Release|Any CPU
		{C99AB02C-98B8-44E9-8A1B-97ED93ACF869}.Release|x86.Build.0 = Release|Any CPU
	EndGlobalSection
	GlobalSection(SolutionProperties) = preSolution
		HideSolutionNode = FALSE
	EndGlobalSection
	GlobalSection(NestedProjects) = preSolution
		{90298CBA-BD6F-3A0A-69D5-97CAD7B05E7E} = {827E0CD3-B72D-47B6-A68D-7590B98EB39B}
		{2A197D2B-F2E1-445E-948C-E7E9F4A0FB89} = {90298CBA-BD6F-3A0A-69D5-97CAD7B05E7E}
		{0AB368F8-E1FF-4CA1-A70E-D2064426CADA} = {90298CBA-BD6F-3A0A-69D5-97CAD7B05E7E}
		{9D0E1BA3-BC3F-4759-A6EB-083874DC27A7} = {90298CBA-BD6F-3A0A-69D5-97CAD7B05E7E}
		{DDD52E3C-E5AB-4373-8880-1BE1C6B464EB} = {90298CBA-BD6F-3A0A-69D5-97CAD7B05E7E}
		{40EF86AA-6A66-4DBF-8020-8897862FC9A7} = {90298CBA-BD6F-3A0A-69D5-97CAD7B05E7E}
		{386D7346-CA25-475A-8E8B-954B18C5FD73} = {90298CBA-BD6F-3A0A-69D5-97CAD7B05E7E}
		{C99AB02C-98B8-44E9-8A1B-97ED93ACF869} = {90298CBA-BD6F-3A0A-69D5-97CAD7B05E7E}
	EndGlobalSection
EndGlobal
